
Microsoft Visual Studio Solution File, Format Version 12.00
# Visual Studio Version 16
VisualStudioVersion = 16.0.30611.23
MinimumVisualStudioVersion = 10.0.40219.1
Project("{FAE04EC0-301F-11D3-BF4B-00C04F79EFBC}") = "D2", "D2.csproj", "{06DA1751-FA07-4D5A-94B1-0F35AAFBA176}"
EndProject
Global
	GlobalSection(SolutionConfigurationPlatforms) = preSolution
		Debug|Any CPU = Debug|Any CPU
		Release|Any CPU = Release|Any CPU
	EndGlobalSection
	GlobalSection(ProjectConfigurationPlatforms) = postSolution
		{06DA1751-FA07-4D5A-94B1-0F35AAFBA176}.Debug|Any CPU.ActiveCfg = Debug|Any CPU
		{06DA1751-FA07-4D5A-94B1-0F35AAFBA176}.Debug|Any CPU.Build.0 = Debug|Any CPU
		{06DA1751-FA07-4D5A-94B1-0F35AAFBA176}.Release|Any CPU.ActiveCfg = Release|Any CPU
		{06DA1751-FA07-4D5A-94B1-0F35AAFBA176}.Release|Any CPU.Build.0 = Release|Any CPU
	EndGlobalSection
	GlobalSection(SolutionProperties) = preSolution
		HideSolutionNode = FALSE
	EndGlobalSection
	GlobalSection(ExtensibilityGlobals) = postSolution
		SolutionGuid = {5C09F3CA-26B6-425E-A85D-1CB3F118C515}
	EndGlobalSection
EndGlobal
